
Microsoft Visual Studio Solution File, Format Version 12.00
# Visual Studio Version 16
VisualStudioVersion = 16.0.33529.622
MinimumVisualStudioVersion = 10.0.40219.1
Project("{2150E333-8FDC-42A3-9474-1A3956D46DE8}") = "1.Client", "1.Client", "{77D91047-1C98-42A4-8178-F1A649FE5447}"
EndProject
Project("{2150E333-8FDC-42A3-9474-1A3956D46DE8}") = "2.Server", "2.Server", "{7BC1FBE0-D3DD-43F8-A5E9-9717B94A019D}"
EndProject
Project("{2150E333-8FDC-42A3-9474-1A3956D46DE8}") = "1.Start", "1.Start", "{41CBA8F5-41BE-490F-9ACC-458BFFE8E1C3}"
EndProject
Project("{2150E333-8FDC-42A3-9474-1A3956D46DE8}") = "2.Modules", "2.Modules", "{0F96C13F-EB91-4615-9532-155DEBC619C5}"
EndProject
Project("{2150E333-8FDC-42A3-9474-1A3956D46DE8}") = "3.BLL", "3.BLL", "{A8833DD6-DD08-4979-83CF-DE33336CD1B2}"
EndProject
Project("{2150E333-8FDC-42A3-9474-1A3956D46DE8}") = "4.DAL", "4.DAL", "{4CA24F23-478F-434C-AA38-3695F2B97B7F}"
EndProject
Project("{2150E333-8FDC-42A3-9474-1A3956D46DE8}") = "5.Enity", "5.Enity", "{F052645E-C6C0-478F-9C1F-B13DBE207D13}"
EndProject
Project("{2150E333-8FDC-42A3-9474-1A3956D46DE8}") = "1.Start", "1.Start", "{03CCF387-D334-4063-AC6A-245717D62535}"
EndProject
Project("{2150E333-8FDC-42A3-9474-1A3956D46DE8}") = "2.Services", "2.Services", "{9188D0DD-6BEB-4D8C-9EA4-B86A0FBCB7B8}"
EndProject
Project("{2150E333-8FDC-42A3-9474-1A3956D46DE8}") = "3.DAL", "3.DAL", "{7F06C0D0-5E0F-487F-BBA8-85EAAD26BE26}"
EndProject
Project("{2150E333-8FDC-42A3-9474-1A3956D46DE8}") = "4.Common", "4.Common", "{97CFB8F1-8BA2-449E-87D7-8AAEDB2040BE}"
EndProject
Project("{2150E333-8FDC-42A3-9474-1A3956D46DE8}") = "6.Common", "6.Common", "{E5ACD53D-D739-4384-8A6F-B414D704C658}"
EndProject
Project("{FAE04EC0-301F-11D3-BF4B-00C04F79EFBC}") = "停车场.Start", "Server\停车场.Start\停车场.Start.csproj", "{FCCD4AC5-31F3-49E3-83FE-C83EAF6310D4}"
EndProject
Project("{FAE04EC0-301F-11D3-BF4B-00C04F79EFBC}") = "WPF停车场.Server.EFCore", "Server\WPF停车场.Server.EFCore\WPF停车场.Server.EFCore.csproj", "{CCE24010-7460-4F26-AC04-E15EB3FD0917}"
EndProject
Project("{FAE04EC0-301F-11D3-BF4B-00C04F79EFBC}") = "WPF.SmartParking.Server.Models", "Server\WPF.SmartParking.Server.Models\WPF.SmartParking.Server.Models.csproj", "{9CF60A42-ABEB-4EEE-905C-AD1A36CDCFF3}"
EndProject
Global
	GlobalSection(SolutionConfigurationPlatforms) = preSolution
		Debug|Any CPU = Debug|Any CPU
		Release|Any CPU = Release|Any CPU
	EndGlobalSection
	GlobalSection(ProjectConfigurationPlatforms) = postSolution
		{FCCD4AC5-31F3-49E3-83FE-C83EAF6310D4}.Debug|Any CPU.ActiveCfg = Debug|Any CPU
		{FCCD4AC5-31F3-49E3-83FE-C83EAF6310D4}.Debug|Any CPU.Build.0 = Debug|Any CPU
		{FCCD4AC5-31F3-49E3-83FE-C83EAF6310D4}.Release|Any CPU.ActiveCfg = Release|Any CPU
		{FCCD4AC5-31F3-49E3-83FE-C83EAF6310D4}.Release|Any CPU.Build.0 = Release|Any CPU
		{CCE24010-7460-4F26-AC04-E15EB3FD0917}.Debug|Any CPU.ActiveCfg = Debug|Any CPU
		{CCE24010-7460-4F26-AC04-E15EB3FD0917}.Debug|Any CPU.Build.0 = Debug|Any CPU
		{CCE24010-7460-4F26-AC04-E15EB3FD0917}.Release|Any CPU.ActiveCfg = Release|Any CPU
		{CCE24010-7460-4F26-AC04-E15EB3FD0917}.Release|Any CPU.Build.0 = Release|Any CPU
		{9CF60A42-ABEB-4EEE-905C-AD1A36CDCFF3}.Debug|Any CPU.ActiveCfg = Debug|Any CPU
		{9CF60A42-ABEB-4EEE-905C-AD1A36CDCFF3}.Debug|Any CPU.Build.0 = Debug|Any CPU
		{9CF60A42-ABEB-4EEE-905C-AD1A36CDCFF3}.Release|Any CPU.ActiveCfg = Release|Any CPU
		{9CF60A42-ABEB-4EEE-905C-AD1A36CDCFF3}.Release|Any CPU.Build.0 = Release|Any CPU
	EndGlobalSection
	GlobalSection(SolutionProperties) = preSolution
		HideSolutionNode = FALSE
	EndGlobalSection
	GlobalSection(NestedProjects) = preSolution
		{41CBA8F5-41BE-490F-9ACC-458BFFE8E1C3} = {77D91047-1C98-42A4-8178-F1A649FE5447}
		{0F96C13F-EB91-4615-9532-155DEBC619C5} = {77D91047-1C98-42A4-8178-F1A649FE5447}
		{A8833DD6-DD08-4979-83CF-DE33336CD1B2} = {77D91047-1C98-42A4-8178-F1A649FE5447}
		{4CA24F23-478F-434C-AA38-3695F2B97B7F} = {77D91047-1C98-42A4-8178-F1A649FE5447}
		{F052645E-C6C0-478F-9C1F-B13DBE207D13} = {77D91047-1C98-42A4-8178-F1A649FE5447}
		{03CCF387-D334-4063-AC6A-245717D62535} = {7BC1FBE0-D3DD-43F8-A5E9-9717B94A019D}
		{9188D0DD-6BEB-4D8C-9EA4-B86A0FBCB7B8} = {7BC1FBE0-D3DD-43F8-A5E9-9717B94A019D}
		{7F06C0D0-5E0F-487F-BBA8-85EAAD26BE26} = {7BC1FBE0-D3DD-43F8-A5E9-9717B94A019D}
		{97CFB8F1-8BA2-449E-87D7-8AAEDB2040BE} = {7BC1FBE0-D3DD-43F8-A5E9-9717B94A019D}
		{E5ACD53D-D739-4384-8A6F-B414D704C658} = {77D91047-1C98-42A4-8178-F1A649FE5447}
		{FCCD4AC5-31F3-49E3-83FE-C83EAF6310D4} = {03CCF387-D334-4063-AC6A-245717D62535}
		{CCE24010-7460-4F26-AC04-E15EB3FD0917} = {7F06C0D0-5E0F-487F-BBA8-85EAAD26BE26}
		{9CF60A42-ABEB-4EEE-905C-AD1A36CDCFF3} = {97CFB8F1-8BA2-449E-87D7-8AAEDB2040BE}
	EndGlobalSection
	GlobalSection(ExtensibilityGlobals) = postSolution
		SolutionGuid = {6D9B8697-E2DD-4B16-8C5E-8BF1285D8599}
	EndGlobalSection
EndGlobal
